
Microsoft Visual Studio Solution File, Format Version 12.00
# Visual Studio Version 17
VisualStudioVersion = 17.4.33213.308
MinimumVisualStudioVersion = 10.0.40219.1
Project("{FAE04EC0-301F-11D3-BF4B-00C04F79EFBC}") = "BL", "BL\BL.csproj", "{C977BC47-DEEC-4857-9A4D-02A4F2F88C9E}"
EndProject
Project("{FAE04EC0-301F-11D3-BF4B-00C04F79EFBC}") = "ML", "ML\ML.csproj", "{A8A0DA7E-5FFD-42E4-87E9-BEDE487ED91D}"
EndProject
Project("{FAE04EC0-301F-11D3-BF4B-00C04F79EFBC}") = "DL", "DL\DL.csproj", "{6B3D2DCB-16C4-48FB-B8D0-C1C8CDE446E5}"
EndProject
Project("{FAE04EC0-301F-11D3-BF4B-00C04F79EFBC}") = "PL", "PL\PL.csproj", "{5F99F540-9827-48E1-BF13-471AA5A31047}"
EndProject
Project("{FAE04EC0-301F-11D3-BF4B-00C04F79EFBC}") = "SL", "SL\SL.csproj", "{A0C64F70-314D-4038-A11D-8517C31A781B}"
EndProject
Global
	GlobalSection(SolutionConfigurationPlatforms) = preSolution
		Debug|Any CPU = Debug|Any CPU
		Release|Any CPU = Release|Any CPU
	EndGlobalSection
	GlobalSection(ProjectConfigurationPlatforms) = postSolution
		{C977BC47-DEEC-4857-9A4D-02A4F2F88C9E}.Debug|Any CPU.ActiveCfg = Debug|Any CPU
		{C977BC47-DEEC-4857-9A4D-02A4F2F88C9E}.Debug|Any CPU.Build.0 = Debug|Any CPU
		{C977BC47-DEEC-4857-9A4D-02A4F2F88C9E}.Release|Any CPU.ActiveCfg = Release|Any CPU
		{C977BC47-DEEC-4857-9A4D-02A4F2F88C9E}.Release|Any CPU.Build.0 = Release|Any CPU
		{A8A0DA7E-5FFD-42E4-87E9-BEDE487ED91D}.Debug|Any CPU.ActiveCfg = Debug|Any CPU
		{A8A0DA7E-5FFD-42E4-87E9-BEDE487ED91D}.Debug|Any CPU.Build.0 = Debug|Any CPU
		{A8A0DA7E-5FFD-42E4-87E9-BEDE487ED91D}.Release|Any CPU.ActiveCfg = Release|Any CPU
		{A8A0DA7E-5FFD-42E4-87E9-BEDE487ED91D}.Release|Any CPU.Build.0 = Release|Any CPU
		{6B3D2DCB-16C4-48FB-B8D0-C1C8CDE446E5}.Debug|Any CPU.ActiveCfg = Debug|Any CPU
		{6B3D2DCB-16C4-48FB-B8D0-C1C8CDE446E5}.Debug|Any CPU.Build.0 = Debug|Any CPU
		{6B3D2DCB-16C4-48FB-B8D0-C1C8CDE446E5}.Release|Any CPU.ActiveCfg = Release|Any CPU
		{6B3D2DCB-16C4-48FB-B8D0-C1C8CDE446E5}.Release|Any CPU.Build.0 = Release|Any CPU
		{5F99F540-9827-48E1-BF13-471AA5A31047}.Debug|Any CPU.ActiveCfg = Debug|Any CPU
		{5F99F540-9827-48E1-BF13-471AA5A31047}.Debug|Any CPU.Build.0 = Debug|Any CPU
		{5F99F540-9827-48E1-BF13-471AA5A31047}.Release|Any CPU.ActiveCfg = Release|Any CPU
		{5F99F540-9827-48E1-BF13-471AA5A31047}.Release|Any CPU.Build.0 = Release|Any CPU
		{A0C64F70-314D-4038-A11D-8517C31A781B}.Debug|Any CPU.ActiveCfg = Debug|Any CPU
		{A0C64F70-314D-4038-A11D-8517C31A781B}.Debug|Any CPU.Build.0 = Debug|Any CPU
		{A0C64F70-314D-4038-A11D-8517C31A781B}.Release|Any CPU.ActiveCfg = Release|Any CPU
		{A0C64F70-314D-4038-A11D-8517C31A781B}.Release|Any CPU.Build.0 = Release|Any CPU
	EndGlobalSection
	GlobalSection(SolutionProperties) = preSolution
		HideSolutionNode = FALSE
	EndGlobalSection
	GlobalSection(ExtensibilityGlobals) = postSolution
		SolutionGuid = {B4D5B4C6-C157-41A8-9380-C57F0F43501D}
	EndGlobalSection
EndGlobal
